
Microsoft Visual Studio Solution File, Format Version 12.00
# Visual Studio Version 16
VisualStudioVersion = 16.0.31205.134
MinimumVisualStudioVersion = 10.0.40219.1
Project("{FAE04EC0-301F-11D3-BF4B-00C04F79EFBC}") = "Lambda Expressions 2", "Lambda Expressions 2.csproj", "{7A0346D3-1A65-40DE-B05C-38A3C7A58E78}"
EndProject
Global
	GlobalSection(SolutionConfigurationPlatforms) = preSolution
		Debug|Any CPU = Debug|Any CPU
		Release|Any CPU = Release|Any CPU
	EndGlobalSection
	GlobalSection(ProjectConfigurationPlatforms) = postSolution
		{7A0346D3-1A65-40DE-B05C-38A3C7A58E78}.Debug|Any CPU.ActiveCfg = Debug|Any CPU
		{7A0346D3-1A65-40DE-B05C-38A3C7A58E78}.Debug|Any CPU.Build.0 = Debug|Any CPU
		{7A0346D3-1A65-40DE-B05C-38A3C7A58E78}.Release|Any CPU.ActiveCfg = Release|Any CPU
		{7A0346D3-1A65-40DE-B05C-38A3C7A58E78}.Release|Any CPU.Build.0 = Release|Any CPU
	EndGlobalSection
	GlobalSection(SolutionProperties) = preSolution
		HideSolutionNode = FALSE
	EndGlobalSection
	GlobalSection(ExtensibilityGlobals) = postSolution
		SolutionGuid = {D1C2AB1C-505C-4FF6-9F8C-C60182E4BB43}
	EndGlobalSection
EndGlobal
