
Microsoft Visual Studio Solution File, Format Version 12.00
# Visual Studio Version 16
VisualStudioVersion = 16.0.31205.134
MinimumVisualStudioVersion = 10.0.40219.1
Project("{FAE04EC0-301F-11D3-BF4B-00C04F79EFBC}") = "Lambda Expressions", "Lambda Expressions.csproj", "{9A64F5CA-6B61-449F-A29D-8FD150FA294E}"
EndProject
Global
	GlobalSection(SolutionConfigurationPlatforms) = preSolution
		Debug|Any CPU = Debug|Any CPU
		Release|Any CPU = Release|Any CPU
	EndGlobalSection
	GlobalSection(ProjectConfigurationPlatforms) = postSolution
		{9A64F5CA-6B61-449F-A29D-8FD150FA294E}.Debug|Any CPU.ActiveCfg = Debug|Any CPU
		{9A64F5CA-6B61-449F-A29D-8FD150FA294E}.Debug|Any CPU.Build.0 = Debug|Any CPU
		{9A64F5CA-6B61-449F-A29D-8FD150FA294E}.Release|Any CPU.ActiveCfg = Release|Any CPU
		{9A64F5CA-6B61-449F-A29D-8FD150FA294E}.Release|Any CPU.Build.0 = Release|Any CPU
	EndGlobalSection
	GlobalSection(SolutionProperties) = preSolution
		HideSolutionNode = FALSE
	EndGlobalSection
	GlobalSection(ExtensibilityGlobals) = postSolution
		SolutionGuid = {6AE0DF3E-96DD-403E-A345-68E1BAD5CDDF}
	EndGlobalSection
EndGlobal
